
Microsoft Visual Studio Solution File, Format Version 12.00
# Visual Studio Version 17
VisualStudioVersion = 17.4.33213.308
MinimumVisualStudioVersion = 10.0.40219.1
Project("{9A19103F-16F7-4668-BE54-9A1E7A4F7556}") = "BookOrganizer", "BookOrganizer\BookOrganizer.csproj", "{1F38BFA6-7853-4EB7-85A8-12BC8BD05709}"
EndProject
Project("{FAE04EC0-301F-11D3-BF4B-00C04F79EFBC}") = "BookOrganizer.Tests", "BookOrganizer.Tests\BookOrganizer.Tests.csproj", "{FEBAB5B3-2512-4594-A239-298EFE8EC2CD}"
EndProject
Global
	GlobalSection(SolutionConfigurationPlatforms) = preSolution
		Debug|Any CPU = Debug|Any CPU
		Release|Any CPU = Release|Any CPU
	EndGlobalSection
	GlobalSection(ProjectConfigurationPlatforms) = postSolution
		{1F38BFA6-7853-4EB7-85A8-12BC8BD05709}.Debug|Any CPU.ActiveCfg = Debug|Any CPU
		{1F38BFA6-7853-4EB7-85A8-12BC8BD05709}.Debug|Any CPU.Build.0 = Debug|Any CPU
		{1F38BFA6-7853-4EB7-85A8-12BC8BD05709}.Release|Any CPU.ActiveCfg = Release|Any CPU
		{1F38BFA6-7853-4EB7-85A8-12BC8BD05709}.Release|Any CPU.Build.0 = Release|Any CPU
		{FEBAB5B3-2512-4594-A239-298EFE8EC2CD}.Debug|Any CPU.ActiveCfg = Debug|Any CPU
		{FEBAB5B3-2512-4594-A239-298EFE8EC2CD}.Debug|Any CPU.Build.0 = Debug|Any CPU
		{FEBAB5B3-2512-4594-A239-298EFE8EC2CD}.Release|Any CPU.ActiveCfg = Release|Any CPU
		{FEBAB5B3-2512-4594-A239-298EFE8EC2CD}.Release|Any CPU.Build.0 = Release|Any CPU
	EndGlobalSection
	GlobalSection(SolutionProperties) = preSolution
		HideSolutionNode = FALSE
	EndGlobalSection
	GlobalSection(ExtensibilityGlobals) = postSolution
		SolutionGuid = {7DA8308B-6C11-4331-94B5-990545C26E4F}
	EndGlobalSection
EndGlobal
